<?xml version="1.0" encoding="utf-8"?>
<Project ToolsVersion="4.0" xmlns="http://schemas.microsoft.com/developer/msbuild/2003">
  <ItemGroup>
    <Filter Include="WinMain">
      <UniqueIdentifier>{2729d97b-284a-46d1-a134-0cd4f075cfa0}</UniqueIdentifier>
    </Filter>
    <Filter Include="WinMain\Source Files">
      <UniqueIdentifier>{4FC737F1-C7A5-4376-A066-2A32D752A2FF}</UniqueIdentifier>
      <Extensions>cpp;c;cc;cxx;c++;cppm;ixx;def;odl;idl;hpj;bat;asm;asmx</Extensions>
    </Filter>
    <Filter Include="WinMain\Header Files">
      <UniqueIdentifier>{93995380-89BD-4b04-88EB-625FBE52EBFB}</UniqueIdentifier>
      <Extensions>h;hh;hpp;hxx;h++;hm;inl;inc;ipp;xsd</Extensions>
    </Filter>
    <Filter Include="Allocators">
      <UniqueIdentifier>{165f6835-6edf-4fbb-9232-794892f39436}</UniqueIdentifier>
    </Filter>
    <Filter Include="ECS">
      <UniqueIdentifier>{916f85e6-57ac-40f0-9818-ee89fdfed4d1}</UniqueIdentifier>
    </Filter>
    <Filter Include="JobSystem">
      <UniqueIdentifier>{2d6b442a-7dfb-4002-89fa-f00475d06d57}</UniqueIdentifier>
    </Filter>
    <Filter Include="Rendering">
      <UniqueIdentifier>{112d7800-644b-445e-9420-e717e62cfdc2}</UniqueIdentifier>
    </Filter>
    <Filter Include="Test">
      <UniqueIdentifier>{663d657b-d5d6-4a59-86f8-b00c99cd2bda}</UniqueIdentifier>
    </Filter>
    <Filter Include="Utils">
      <UniqueIdentifier>{df837731-25cb-430d-a4d7-02380f084220}</UniqueIdentifier>
    </Filter>
  </ItemGroup>
  <ItemGroup>
    <ClInclude Include="framework.h">
      <Filter>WinMain\Header Files</Filter>
    </ClInclude>
    <ClInclude Include="JobSystem\JobSystem.h">
      <Filter>JobSystem</Filter>
    </ClInclude>
    <ClInclude Include="ECS\World.h">
      <Filter>ECS</Filter>
    </ClInclude>
    <ClInclude Include="Rendering\RenderSystem.h">
      <Filter>Rendering</Filter>
    </ClInclude>
    <ClInclude Include="Rendering\ThreadRenderContext.h">
      <Filter>Rendering</Filter>
    </ClInclude>
    <ClInclude Include="Rendering\GlobalRenderContext.h">
      <Filter>Rendering</Filter>
    </ClInclude>
    <ClInclude Include="Test\TestComponents.h">
      <Filter>Test</Filter>
    </ClInclude>
    <ClInclude Include="ECS\PredefinedComponents.h">
      <Filter>ECS</Filter>
    </ClInclude>
    <ClInclude Include="Test\MoveSystem.h">
      <Filter>Test</Filter>
    </ClInclude>
    <ClInclude Include="Utils\SimpleTimer.h">
      <Filter>Utils</Filter>
    </ClInclude>
    <ClInclude Include="Utils\Logger.h">
      <Filter>Utils</Filter>
    </ClInclude>
    <ClInclude Include="pch.h">
      <Filter>WinMain\Header Files</Filter>
    </ClInclude>
    <ClInclude Include="Rendering\DX12Helper.h">
      <Filter>Rendering</Filter>
    </ClInclude>
  </ItemGroup>
  <ItemGroup>
    <ClCompile Include="R-Graphics-Demos.cpp">
      <Filter>WinMain\Source Files</Filter>
    </ClCompile>
    <ClCompile Include="JobSystem\JobSystem.cpp">
      <Filter>JobSystem</Filter>
    </ClCompile>
    <ClCompile Include="Rendering\ThreadRenderContext.cpp">
      <Filter>Rendering</Filter>
    </ClCompile>
    <ClCompile Include="Rendering\GlobalRenderContext.cpp">
      <Filter>Rendering</Filter>
    </ClCompile>
    <ClCompile Include="Test\MoveSystem.cpp">
      <Filter>Test</Filter>
    </ClCompile>
    <ClCompile Include="Utils\Logger.cpp">
      <Filter>Utils</Filter>
    </ClCompile>
    <ClCompile Include="pch.cpp">
      <Filter>WinMain\Source Files</Filter>
    </ClCompile>
    <ClCompile Include="Rendering\RenderSystem.cpp">
      <Filter>Rendering</Filter>
    </ClCompile>
  </ItemGroup>
</Project>